// !$*UTF8*$!
{
	archiveVersion = 1;
	classes = {
	};
	objectVersion = 50;
	objects = {

/* Begin PBXBuildFile section */
		0181E1FB2569A91500BD278E /* AppDelegate.swift in Sources */ = {isa = PBXBuildFile; fileRef = 0181E1FA2569A91500BD278E /* AppDelegate.swift */; };
		0181E1FD2569A91500BD278E /* SceneDelegate.swift in Sources */ = {isa = PBXBuildFile; fileRef = 0181E1FC2569A91500BD278E /* SceneDelegate.swift */; };
		0181E1FF2569A91500BD278E /* ViewController.swift in Sources */ = {isa = PBXBuildFile; fileRef = 0181E1FE2569A91500BD278E /* ViewController.swift */; };
		0181E2022569A91500BD278E /* Main.storyboard in Resources */ = {isa = PBXBuildFile; fileRef = 0181E2002569A91500BD278E /* Main.storyboard */; };
		0181E2042569A91900BD278E /* Assets.xcassets in Resources */ = {isa = PBXBuildFile; fileRef = 0181E2032569A91900BD278E /* Assets.xcassets */; };
		0181E2072569A91900BD278E /* LaunchScreen.storyboard in Resources */ = {isa = PBXBuildFile; fileRef = 0181E2052569A91900BD278E /* LaunchScreen.storyboard */; };
		0181E2122569A91A00BD278E /* tipcalculatorappTests.swift in Sources */ = {isa = PBXBuildFile; fileRef = 0181E2112569A91A00BD278E /* tipcalculatorappTests.swift */; };
		0181E21D2569A91A00BD278E /* tipcalculatorappUITests.swift in Sources */ = {isa = PBXBuildFile; fileRef = 0181E21C2569A91A00BD278E /* tipcalculatorappUITests.swift */; };
/* End PBXBuildFile section */

/* Begin PBXContainerItemProxy section */
		0181E20E2569A91A00BD278E /* PBXContainerItemProxy */ = {
			isa = PBXContainerItemProxy;
			containerPortal = 0181E1EF2569A91500BD278E /* Project object */;
			proxyType = 1;
			remoteGlobalIDString = 0181E1F62569A91500BD278E;
			remoteInfo = tipcalculatorapp;
		};
		0181E2192569A91A00BD278E /* PBXContainerItemProxy */ = {
			isa = PBXContainerItemProxy;
			containerPortal = 0181E1EF2569A91500BD278E /* Project object */;
			proxyType = 1;
			remoteGlobalIDString = 0181E1F62569A91500BD278E;
			remoteInfo = tipcalculatorapp;
		};
/* End PBXContainerItemProxy section */

/* Begin PBXFileReference section */
		0181E1F72569A91500BD278E /* tipcalculatorapp.app */ = {isa = PBXFileReference; explicitFileType = wrapper.application; includeInIndex = 0; path = tipcalculatorapp.app; sourceTree = BUILT_PRODUCTS_DIR; };
		0181E1FA2569A91500BD278E /* AppDelegate.swift */ = {isa = PBXFileReference; lastKnownFileType = sourcecode.swift; path = AppDelegate.swift; sourceTree = "<group>"; };
		0181E1FC2569A91500BD278E /* SceneDelegate.swift */ = {isa = PBXFileReference; lastKnownFileType = sourcecode.swift; path = SceneDelegate.swift; sourceTree = "<group>"; };
		0181E1FE2569A91500BD278E /* ViewController.swift */ = {isa = PBXFileReference; lastKnownFileType = sourcecode.swift; path = ViewController.swift; sourceTree = "<group>"; };
		0181E2012569A91500BD278E /* Base */ = {isa = PBXFileReference; lastKnownFileType = file.storyboard; name = Base; path = Base.lproj/Main.storyboard; sourceTree = "<group>"; };
		0181E2032569A91900BD278E /* Assets.xcassets */ = {isa = PBXFileReference; lastKnownFileType = folder.assetcatalog; path = Assets.xcassets; sourceTree = "<group>"; };
		0181E2062569A91900BD278E /* Base */ = {isa = PBXFileReference; lastKnownFileType = file.storyboard; name = Base; path = Base.lproj/LaunchScreen.storyboard; sourceTree = "<group>"; };
		0181E2082569A91900BD278E /* Info.plist */ = {isa = PBXFileReference; lastKnownFileType = text.plist.xml; path = Info.plist; sourceTree = "<group>"; };
		0181E20D2569A91A00BD278E /* tipcalculatorappTests.xctest */ = {isa = PBXFileReference; explicitFileType = wrapper.cfbundle; includeInIndex = 0; path = tipcalculatorappTests.xctest; sourceTree = BUILT_PRODUCTS_DIR; };
		0181E2112569A91A00BD278E /* tipcalculatorappTests.swift */ = {isa = PBXFileReference; lastKnownFileType = sourcecode.swift; path = tipcalculatorappTests.swift; sourceTree = "<group>"; };
		0181E2132569A91A00BD278E /* Info.plist */ = {isa = PBXFileReference; lastKnownFileType = text.plist.xml; path = Info.plist; sourceTree = "<group>"; };
		0181E2182569A91A00BD278E /* tipcalculatorappUITests.xctest */ = {isa = PBXFileReference; explicitFileType = wrapper.cfbundle; includeInIndex = 0; path = tipcalculatorappUITests.xctest; sourceTree = BUILT_PRODUCTS_DIR; };
		0181E21C2569A91A00BD278E /* tipcalculatorappUITests.swift */ = {isa = PBXFileReference; lastKnownFileType = sourcecode.swift; path = tipcalculatorappUITests.swift; sourceTree = "<group>"; };
		0181E21E2569A91A00BD278E /* Info.plist */ = {isa = PBXFileReference; lastKnownFileType = text.plist.xml; path = Info.plist; sourceTree = "<group>"; };
/* End PBXFileReference section */

/* Begin PBXFrameworksBuildPhase section */
		0181E1F42569A91500BD278E /* Frameworks */ = {
			isa = PBXFrameworksBuildPhase;
			buildActionMask = 2147483647;
			files = (
			);
			runOnlyForDeploymentPostprocessing = 0;
		};
		0181E20A2569A91A00BD278E /* Frameworks */ = {
			isa = PBXFrameworksBuildPhase;
			buildActionMask = 2147483647;
			files = (
			);
			runOnlyForDeploymentPostprocessing = 0;
		};
		0181E2152569A91A00BD278E /* Frameworks */ = {
			isa = PBXFrameworksBuildPhase;
			buildActionMask = 2147483647;
			files = (
			);
			runOnlyForDeploymentPostprocessing = 0;
		};
/* End PBXFrameworksBuildPhase section */

/* Begin PBXGroup section */
		0181E1EE2569A91500BD278E = {
			isa = PBXGroup;
			children = (
				0181E1F92569A91500BD278E /* tipcalculatorapp */,
				0181E2102569A91A00BD278E /* tipcalculatorappTests */,
				0181E21B2569A91A00BD278E /* tipcalculatorappUITests */,
				0181E1F82569A91500BD278E /* Products */,
			);
			sourceTree = "<group>";
		};
		0181E1F82569A91500BD278E /* Products */ = {
			isa = PBXGroup;
			children = (
				0181E1F72569A91500BD278E /* tipcalculatorapp.app */,
				0181E20D2569A91A00BD278E /* tipcalculatorappTests.xctest */,
				0181E2182569A91A00BD278E /* tipcalculatorappUITests.xctest */,
			);
			name = Products;
			sourceTree = "<group>";
		};
		0181E1F92569A91500BD278E /* tipcalculatorapp */ = {
			isa = PBXGroup;
			children = (
				0181E1FA2569A91500BD278E /* AppDelegate.swift */,
				0181E1FC2569A91500BD278E /* SceneDelegate.swift */,
				0181E1FE2569A91500BD278E /* ViewController.swift */,
				0181E2002569A91500BD278E /* Main.storyboard */,
				0181E2032569A91900BD278E /* Assets.xcassets */,
				0181E2052569A91900BD278E /* LaunchScreen.storyboard */,
				0181E2082569A91900BD278E /* Info.plist */,
			);
			path = tipcalculatorapp;
			sourceTree = "<group>";
		};
		0181E2102569A91A00BD278E /* tipcalculatorappTests */ = {
			isa = PBXGroup;
			children = (
				0181E2112569A91A00BD278E /* tipcalculatorappTests.swift */,
				0181E2132569A91A00BD278E /* Info.plist */,
			);
			path = tipcalculatorappTests;
			sourceTree = "<group>";
		};
		0181E21B2569A91A00BD278E /* tipcalculatorappUITests */ = {
			isa = PBXGroup;
			children = (
				0181E21C2569A91A00BD278E /* tipcalculatorappUITests.swift */,
				0181E21E2569A91A00BD278E /* Info.plist */,
			);
			path = tipcalculatorappUITests;
			sourceTree = "<group>";
		};
/* End PBXGroup section */

/* Begin PBXNativeTarget section */
		0181E1F62569A91500BD278E /* tipcalculatorapp */ = {
			isa = PBXNativeTarget;
			buildConfigurationList = 0181E2212569A91A00BD278E /* Build configuration list for PBXNativeTarget "tipcalculatorapp" */;
			buildPhases = (
				0181E1F32569A91500BD278E /* Sources */,
				0181E1F42569A91500BD278E /* Frameworks */,
				0181E1F52569A91500BD278E /* Resources */,
			);
			buildRules = (
			);
			dependencies = (
			);
			name = tipcalculatorapp;
			productName = tipcalculatorapp;
			productReference = 0181E1F72569A91500BD278E /* tipcalculatorapp.app */;
			productType = "com.apple.product-type.application";
		};
		0181E20C2569A91A00BD278E /* tipcalculatorappTests */ = {
			isa = PBXNativeTarget;
			buildConfigurationList = 0181E2242569A91A00BD278E /* Build configuration list for PBXNativeTarget "tipcalculatorappTests" */;
			buildPhases = (
				0181E2092569A91A00BD278E /* Sources */,
				0181E20A2569A91A00BD278E /* Frameworks */,
				0181E20B2569A91A00BD278E /* Resources */,
			);
			buildRules = (
			);
			dependencies = (
				0181E20F2569A91A00BD278E /* PBXTargetDependency */,
			);
			name = tipcalculatorappTests;
			productName = tipcalculatorappTests;
			productReference = 0181E20D2569A91A00BD278E /* tipcalculatorappTests.xctest */;
			productType = "com.apple.product-type.bundle.unit-test";
		};
		0181E2172569A91A00BD278E /* tipcalculatorappUITests */ = {
			isa = PBXNativeTarget;
			buildConfigurationList = 0181E2272569A91A00BD278E /* Build configuration list for PBXNativeTarget "tipcalculatorappUITests" */;
			buildPhases = (
				0181E2142569A91A00BD278E /* Sources */,
				0181E2152569A91A00BD278E /* Frameworks */,
				0181E2162569A91A00BD278E /* Resources */,
			);
			buildRules = (
			);
			dependencies = (
				0181E21A2569A91A00BD278E /* PBXTargetDependency */,
			);
			name = tipcalculatorappUITests;
			productName = tipcalculatorappUITests;
			productReference = 0181E2182569A91A00BD278E /* tipcalculatorappUITests.xctest */;
			productType = "com.apple.product-type.bundle.ui-testing";
		};
/* End PBXNativeTarget section */

/* Begin PBXProject section */
		0181E1EF2569A91500BD278E /* Project object */ = {
			isa = PBXProject;
			attributes = {
				LastSwiftUpdateCheck = 1220;
				LastUpgradeCheck = 1220;
				TargetAttributes = {
					0181E1F62569A91500BD278E = {
						CreatedOnToolsVersion = 12.2;
					};
					0181E20C2569A91A00BD278E = {
						CreatedOnToolsVersion = 12.2;
						TestTargetID = 0181E1F62569A91500BD278E;
					};
					0181E2172569A91A00BD278E = {
						CreatedOnToolsVersion = 12.2;
						TestTargetID = 0181E1F62569A91500BD278E;
					};
				};
			};
			buildConfigurationList = 0181E1F22569A91500BD278E /* Build configuration list for PBXProject "tipcalculatorapp" */;
			compatibilityVersion = "Xcode 9.3";
			developmentRegion = en;
			hasScannedForEncodings = 0;
			knownRegions = (
				en,
				Base,
			);
			mainGroup = 0181E1EE2569A91500BD278E;
			productRefGroup = 0181E1F82569A91500BD278E /* Products */;
			projectDirPath = "";
			projectRoot = "";
			targets = (
				0181E1F62569A91500BD278E /* tipcalculatorapp */,
				0181E20C2569A91A00BD278E /* tipcalculatorappTests */,
				0181E2172569A91A00BD278E /* tipcalculatorappUITests */,
			);
		};
/* End PBXProject section */

/* Begin PBXResourcesBuildPhase section */
		0181E1F52569A91500BD278E /* Resources */ = {
			isa = PBXResourcesBuildPhase;
			buildActionMask = 2147483647;
			files = (
				0181E2072569A91900BD278E /* LaunchScreen.storyboard in Resources */,
				0181E2042569A91900BD278E /* Assets.xcassets in Resources */,
				0181E2022569A91500BD278E /* Main.storyboard in Resources */,
			);
			runOnlyForDeploymentPostprocessing = 0;
		};
		0181E20B2569A91A00BD278E /* Resources */ = {
			isa = PBXResourcesBuildPhase;
			buildActionMask = 2147483647;
			files = (
			);
			runOnlyForDeploymentPostprocessing = 0;
		};
		0181E2162569A91A00BD278E /* Resources */ = {
			isa = PBXResourcesBuildPhase;
			buildActionMask = 2147483647;
			files = (
			);
			runOnlyForDeploymentPostprocessing = 0;
		};
/* End PBXResourcesBuildPhase section */

/* Begin PBXSourcesBuildPhase section */
		0181E1F32569A91500BD278E /* Sources */ = {
			isa = PBXSourcesBuildPhase;
			buildActionMask = 2147483647;
			files = (
				0181E1FF2569A91500BD278E /* ViewController.swift in Sources */,
				0181E1FB2569A91500BD278E /* AppDelegate.swift in Sources */,
				0181E1FD2569A91500BD278E /* SceneDelegate.swift in Sources */,
			);
			runOnlyForDeploymentPostprocessing = 0;
		};
		0181E2092569A91A00BD278E /* Sources */ = {
			isa = PBXSourcesBuildPhase;
			buildActionMask = 2147483647;
			files = (
				0181E2122569A91A00BD278E /* tipcalculatorappTests.swift in Sources */,
			);
			runOnlyForDeploymentPostprocessing = 0;
		};
		0181E2142569A91A00BD278E /* Sources */ = {
			isa = PBXSourcesBuildPhase;
			buildActionMask = 2147483647;
			files = (
				0181E21D2569A91A00BD278E /* tipcalculatorappUITests.swift in Sources */,
			);
			runOnlyForDeploymentPostprocessing = 0;
		};
/* End PBXSourcesBuildPhase section */

/* Begin PBXTargetDependency section */
		0181E20F2569A91A00BD278E /* PBXTargetDependency */ = {
			isa = PBXTargetDependency;
			target = 0181E1F62569A91500BD278E /* tipcalculatorapp */;
			targetProxy = 0181E20E2569A91A00BD278E /* PBXContainerItemProxy */;
		};
		0181E21A2569A91A00BD278E /* PBXTargetDependency */ = {
			isa = PBXTargetDependency;
			target = 0181E1F62569A91500BD278E /* tipcalculatorapp */;
			targetProxy = 0181E2192569A91A00BD278E /* PBXContainerItemProxy */;
		};
/* End PBXTargetDependency section */

/* Begin PBXVariantGroup section */
		0181E2002569A91500BD278E /* Main.storyboard */ = {
			isa = PBXVariantGroup;
			children = (
				0181E2012569A91500BD278E /* Base */,
			);
			name = Main.storyboard;
			sourceTree = "<group>";
		};
		0181E2052569A91900BD278E /* LaunchScreen.storyboard */ = {
			isa = PBXVariantGroup;
			children = (
				0181E2062569A91900BD278E /* Base */,
			);
			name = LaunchScreen.storyboard;
			sourceTree = "<group>";
		};
/* End PBXVariantGroup section */

/* Begin XCBuildConfiguration section */
		0181E21F2569A91A00BD278E /* Debug */ = {
			isa = XCBuildConfiguration;
			buildSettings = {
				ALWAYS_SEARCH_USER_PATHS = NO;
				CLANG_ANALYZER_NONNULL = YES;
				CLANG_ANALYZER_NUMBER_OBJECT_CONVERSION = YES_AGGRESSIVE;
				CLANG_CXX_LANGUAGE_STANDARD = "gnu++14";
				CLANG_CXX_LIBRARY = "libc++";
				CLANG_ENABLE_MODULES = YES;
				CLANG_ENABLE_OBJC_ARC = YES;
				CLANG_ENABLE_OBJC_WEAK = YES;
				CLANG_WARN_BLOCK_CAPTURE_AUTORELEASING = YES;
				CLANG_WARN_BOOL_CONVERSION = YES;
				CLANG_WARN_COMMA = YES;
				CLANG_WARN_CONSTANT_CONVERSION = YES;
				CLANG_WARN_DEPRECATED_OBJC_IMPLEMENTATIONS = YES;
				CLANG_WARN_DIRECT_OBJC_ISA_USAGE = YES_ERROR;
				CLANG_WARN_DOCUMENTATION_COMMENTS = YES;
				CLANG_WARN_EMPTY_BODY = YES;
				CLANG_WARN_ENUM_CONVERSION = YES;
				CLANG_WARN_INFINITE_RECURSION = YES;
				CLANG_WARN_INT_CONVERSION = YES;
				CLANG_WARN_NON_LITERAL_NULL_CONVERSION = YES;
				CLANG_WARN_OBJC_IMPLICIT_RETAIN_SELF = YES;
				CLANG_WARN_OBJC_LITERAL_CONVERSION = YES;
				CLANG_WARN_OBJC_ROOT_CLASS = YES_ERROR;
				CLANG_WARN_QUOTED_INCLUDE_IN_FRAMEWORK_HEADER = YES;
				CLANG_WARN_RANGE_LOOP_ANALYSIS = YES;
				CLANG_WARN_STRICT_PROTOTYPES = YES;
				CLANG_WARN_SUSPICIOUS_MOVE = YES;
				CLANG_WARN_UNGUARDED_AVAILABILITY = YES_AGGRESSIVE;
				CLANG_WARN_UNREACHABLE_CODE = YES;
				CLANG_WARN__DUPLICATE_METHOD_MATCH = YES;
				COPY_PHASE_STRIP = NO;
				DEBUG_INFORMATION_FORMAT = dwarf;
				ENABLE_STRICT_OBJC_MSGSEND = YES;
				ENABLE_TESTABILITY = YES;
				GCC_C_LANGUAGE_STANDARD = gnu11;
				GCC_DYNAMIC_NO_PIC = NO;
				GCC_NO_COMMON_BLOCKS = YES;
				GCC_OPTIMIZATION_LEVEL = 0;
				GCC_PREPROCESSOR_DEFINITIONS = (
					"DEBUG=1",
					"$(inherited)",
				);
				GCC_WARN_64_TO_32_BIT_CONVERSION = YES;
				GCC_WARN_ABOUT_RETURN_TYPE = YES_ERROR;
				GCC_WARN_UNDECLARED_SELECTOR = YES;
				GCC_WARN_UNINITIALIZED_AUTOS = YES_AGGRESSIVE;
				GCC_WARN_UNUSED_FUNCTION = YES;
				GCC_WARN_UNUSED_VARIABLE = YES;
				IPHONEOS_DEPLOYMENT_TARGET = 14.2;
				MTL_ENABLE_DEBUG_INFO = INCLUDE_SOURCE;
				MTL_FAST_MATH = YES;
				ONLY_ACTIVE_ARCH = YES;
				SDKROOT = iphoneos;
				SWIFT_ACTIVE_COMPILATION_CONDITIONS = DEBUG;
				SWIFT_OPTIMIZATION_LEVEL = "-Onone";
			};
			name = Debug;
		};
		0181E2202569A91A00BD278E /* Release */ = {
			isa = XCBuildConfiguration;
			buildSettings = {
				ALWAYS_SEARCH_USER_PATHS = NO;
				CLANG_ANALYZER_NONNULL = YES;
				CLANG_ANALYZER_NUMBER_OBJECT_CONVERSION = YES_AGGRESSIVE;
				CLANG_CXX_LANGUAGE_STANDARD = "gnu++14";
				CLANG_CXX_LIBRARY = "libc++";
				CLANG_ENABLE_MODULES = YES;
				CLANG_ENABLE_OBJC_ARC = YES;
				CLANG_ENABLE_OBJC_WEAK = YES;
				CLANG_WARN_BLOCK_CAPTURE_AUTORELEASING = YES;
				CLANG_WARN_BOOL_CONVERSION = YES;
				CLANG_WARN_COMMA = YES;
				CLANG_WARN_CONSTANT_CONVERSION = YES;
				CLANG_WARN_DEPRECATED_OBJC_IMPLEMENTATIONS = YES;
				CLANG_WARN_DIRECT_OBJC_ISA_USAGE = YES_ERROR;
				CLANG_WARN_DOCUMENTATION_COMMENTS = YES;
				CLANG_WARN_EMPTY_BODY = YES;
				CLANG_WARN_ENUM_CONVERSION = YES;
				CLANG_WARN_INFINITE_RECURSION = YES;
				CLANG_WARN_INT_CONVERSION = YES;
				CLANG_WARN_NON_LITERAL_NULL_CONVERSION = YES;
				CLANG_WARN_OBJC_IMPLICIT_RETAIN_SELF = YES;
				CLANG_WARN_OBJC_LITERAL_CONVERSION = YES;
				CLANG_WARN_OBJC_ROOT_CLASS = YES_ERROR;
				CLANG_WARN_QUOTED_INCLUDE_IN_FRAMEWORK_HEADER = YES;
				CLANG_WARN_RANGE_LOOP_ANALYSIS = YES;
				CLANG_WARN_STRICT_PROTOTYPES = YES;
				CLANG_WARN_SUSPICIOUS_MOVE = YES;
				CLANG_WARN_UNGUARDED_AVAILABILITY = YES_AGGRESSIVE;
				CLANG_WARN_UNREACHABLE_CODE = YES;
				CLANG_WARN__DUPLICATE_METHOD_MATCH = YES;
				COPY_PHASE_STRIP = NO;
				DEBUG_INFORMATION_FORMAT = "dwarf-with-dsym";
				ENABLE_NS_ASSERTIONS = NO;
				ENABLE_STRICT_OBJC_MSGSEND = YES;
				GCC_C_LANGUAGE_STANDARD = gnu11;
				GCC_NO_COMMON_BLOCKS = YES;
				GCC_WARN_64_TO_32_BIT_CONVERSION = YES;
				GCC_WARN_ABOUT_RETURN_TYPE = YES_ERROR;
				GCC_WARN_UNDECLARED_SELECTOR = YES;
				GCC_WARN_UNINITIALIZED_AUTOS = YES_AGGRESSIVE;
				GCC_WARN_UNUSED_FUNCTION = YES;
				GCC_WARN_UNUSED_VARIABLE = YES;
				IPHONEOS_DEPLOYMENT_TARGET = 14.2;
				MTL_ENABLE_DEBUG_INFO = NO;
				MTL_FAST_MATH = YES;
				SDKROOT = iphoneos;
				SWIFT_COMPILATION_MODE = wholemodule;
				SWIFT_OPTIMIZATION_LEVEL = "-O";
				VALIDATE_PRODUCT = YES;
			};
			name = Release;
		};
		0181E2222569A91A00BD278E /* Debug */ = {
			isa = XCBuildConfiguration;
			buildSettings = {
				ASSETCATALOG_COMPILER_APPICON_NAME = AppIcon;
				ASSETCATALOG_COMPILER_GLOBAL_ACCENT_COLOR_NAME = AccentColor;
				CODE_SIGN_STYLE = Automatic;
				INFOPLIST_FILE = tipcalculatorapp/Info.plist;
				LD_RUNPATH_SEARCH_PATHS = (
					"$(inherited)",
					"@executable_path/Frameworks",
				);
				PRODUCT_BUNDLE_IDENTIFIER = muhsincodepath.tipcalculatorapp;
				PRODUCT_NAME = "$(TARGET_NAME)";
				SWIFT_VERSION = 5.0;
				TARGETED_DEVICE_FAMILY = "1,2";
			};
			name = Debug;
		};
		0181E2232569A91A00BD278E /* Release */ = {
			isa = XCBuildConfiguration;
			buildSettings = {
				ASSETCATALOG_COMPILER_APPICON_NAME = AppIcon;
				ASSETCATALOG_COMPILER_GLOBAL_ACCENT_COLOR_NAME = AccentColor;
				CODE_SIGN_STYLE = Automatic;
				INFOPLIST_FILE = tipcalculatorapp/Info.plist;
				LD_RUNPATH_SEARCH_PATHS = (
					"$(inherited)",
					"@executable_path/Frameworks",
				);
				PRODUCT_BUNDLE_IDENTIFIER = muhsincodepath.tipcalculatorapp;
				PRODUCT_NAME = "$(TARGET_NAME)";
				SWIFT_VERSION = 5.0;
				TARGETED_DEVICE_FAMILY = "1,2";
			};
			name = Release;
		};
		0181E2252569A91A00BD278E /* Debug */ = {
			isa = XCBuildConfiguration;
			buildSettings = {
				ALWAYS_EMBED_SWIFT_STANDARD_LIBRARIES = YES;
				BUNDLE_LOADER = "$(TEST_HOST)";
				CODE_SIGN_STYLE = Automatic;
				INFOPLIST_FILE = tipcalculatorappTests/Info.plist;
				IPHONEOS_DEPLOYMENT_TARGET = 14.2;
				LD_RUNPATH_SEARCH_PATHS = (
					"$(inherited)",
					"@executable_path/Frameworks",
					"@loader_path/Frameworks",
				);
				PRODUCT_BUNDLE_IDENTIFIER = muhsincodepath.tipcalculatorappTests;
				PRODUCT_NAME = "$(TARGET_NAME)";
				SWIFT_VERSION = 5.0;
				TARGETED_DEVICE_FAMILY = "1,2";
				TEST_HOST = "$(BUILT_PRODUCTS_DIR)/tipcalculatorapp.app/tipcalculatorapp";
			};
			name = Debug;
		};
		0181E2262569A91A00BD278E /* Release */ = {
			isa = XCBuildConfiguration;
			buildSettings = {
				ALWAYS_EMBED_SWIFT_STANDARD_LIBRARIES = YES;
				BUNDLE_LOADER = "$(TEST_HOST)";
				CODE_SIGN_STYLE = Automatic;
				INFOPLIST_FILE = tipcalculatorappTests/Info.plist;
				IPHONEOS_DEPLOYMENT_TARGET = 14.2;
				LD_RUNPATH_SEARCH_PATHS = (
					"$(inherited)",
					"@executable_path/Frameworks",
					"@loader_path/Frameworks",
				);
				PRODUCT_BUNDLE_IDENTIFIER = muhsincodepath.tipcalculatorappTests;
				PRODUCT_NAME = "$(TARGET_NAME)";
				SWIFT_VERSION = 5.0;
				TARGETED_DEVICE_FAMILY = "1,2";
				TEST_HOST = "$(BUILT_PRODUCTS_DIR)/tipcalculatorapp.app/tipcalculatorapp";
			};
			name = Release;
		};
		0181E2282569A91A00BD278E /* Debug */ = {
			isa = XCBuildConfiguration;
			buildSettings = {
				ALWAYS_EMBED_SWIFT_STANDARD_LIBRARIES = YES;
				CODE_SIGN_STYLE = Automatic;
				INFOPLIST_FILE = tipcalculatorappUITests/Info.plist;
				LD_RUNPATH_SEARCH_PATHS = (
					"$(inherited)",
					"@executable_path/Frameworks",
					"@loader_path/Frameworks",
				);
				PRODUCT_BUNDLE_IDENTIFIER = muhsincodepath.tipcalculatorappUITests;
				PRODUCT_NAME = "$(TARGET_NAME)";
				SWIFT_VERSION = 5.0;
				TARGETED_DEVICE_FAMILY = "1,2";
				TEST_TARGET_NAME = tipcalculatorapp;
			};
			name = Debug;
		};
		0181E2292569A91A00BD278E /* Release */ = {
			isa = XCBuildConfiguration;
			buildSettings = {
				ALWAYS_EMBED_SWIFT_STANDARD_LIBRARIES = YES;
				CODE_SIGN_STYLE = Automatic;
				INFOPLIST_FILE = tipcalculatorappUITests/Info.plist;
				LD_RUNPATH_SEARCH_PATHS = (
					"$(inherited)",
					"@executable_path/Frameworks",
					"@loader_path/Frameworks",
				);
				PRODUCT_BUNDLE_IDENTIFIER = muhsincodepath.tipcalculatorappUITests;
				PRODUCT_NAME = "$(TARGET_NAME)";
				SWIFT_VERSION = 5.0;
				TARGETED_DEVICE_FAMILY = "1,2";
				TEST_TARGET_NAME = tipcalculatorapp;
			};
			name = Release;
		};
/* End XCBuildConfiguration section */

/* Begin XCConfigurationList section */
		0181E1F22569A91500BD278E /* Build configuration list for PBXProject "tipcalculatorapp" */ = {
			isa = XCConfigurationList;
			buildConfigurations = (
				0181E21F2569A91A00BD278E /* Debug */,
				0181E2202569A91A00BD278E /* Release */,
			);
			defaultConfigurationIsVisible = 0;
			defaultConfigurationName = Release;
		};
		0181E2212569A91A00BD278E /* Build configuration list for PBXNativeTarget "tipcalculatorapp" */ = {
			isa = XCConfigurationList;
			buildConfigurations = (
				0181E2222569A91A00BD278E /* Debug */,
				0181E2232569A91A00BD278E /* Release */,
			);
			defaultConfigurationIsVisible = 0;
			defaultConfigurationName = Release;
		};
		0181E2242569A91A00BD278E /* Build configuration list for PBXNativeTarget "tipcalculatorappTests" */ = {
			isa = XCConfigurationList;
			buildConfigurations = (
				0181E2252569A91A00BD278E /* Debug */,
				0181E2262569A91A00BD278E /* Release */,
			);
			defaultConfigurationIsVisible = 0;
			defaultConfigurationName = Release;
		};
		0181E2272569A91A00BD278E /* Build configuration list for PBXNativeTarget "tipcalculatorappUITests" */ = {
			isa = XCConfigurationList;
			buildConfigurations = (
				0181E2282569A91A00BD278E /* Debug */,
				0181E2292569A91A00BD278E /* Release */,
			);
			defaultConfigurationIsVisible = 0;
			defaultConfigurationName = Release;
		};
/* End XCConfigurationList section */
	};
	rootObject = 0181E1EF2569A91500BD278E /* Project object */;
}
